
Microsoft Visual Studio Solution File, Format Version 12.00
# Visual Studio Version 16
VisualStudioVersion = 16.0.30621.155
MinimumVisualStudioVersion = 10.0.40219.1
Project("{FAE04EC0-301F-11D3-BF4B-00C04F79EFBC}") = "KampIntro", "KampIntro\KampIntro.csproj", "{1D99F6E5-0A7C-4932-8DEA-D6F7AD305ADE}"
EndProject
Project("{FAE04EC0-301F-11D3-BF4B-00C04F79EFBC}") = "ClassIntro", "ClassIntro\ClassIntro.csproj", "{DDC462C3-44B4-4090-ACEE-4FF467BD8DEB}"
EndProject
Global
	GlobalSection(SolutionConfigurationPlatforms) = preSolution
		Debug|Any CPU = Debug|Any CPU
		Release|Any CPU = Release|Any CPU
	EndGlobalSection
	GlobalSection(ProjectConfigurationPlatforms) = postSolution
		{1D99F6E5-0A7C-4932-8DEA-D6F7AD305ADE}.Debug|Any CPU.ActiveCfg = Debug|Any CPU
		{1D99F6E5-0A7C-4932-8DEA-D6F7AD305ADE}.Debug|Any CPU.Build.0 = Debug|Any CPU
		{1D99F6E5-0A7C-4932-8DEA-D6F7AD305ADE}.Release|Any CPU.ActiveCfg = Release|Any CPU
		{1D99F6E5-0A7C-4932-8DEA-D6F7AD305ADE}.Release|Any CPU.Build.0 = Release|Any CPU
		{DDC462C3-44B4-4090-ACEE-4FF467BD8DEB}.Debug|Any CPU.ActiveCfg = Debug|Any CPU
		{DDC462C3-44B4-4090-ACEE-4FF467BD8DEB}.Debug|Any CPU.Build.0 = Debug|Any CPU
		{DDC462C3-44B4-4090-ACEE-4FF467BD8DEB}.Release|Any CPU.ActiveCfg = Release|Any CPU
		{DDC462C3-44B4-4090-ACEE-4FF467BD8DEB}.Release|Any CPU.Build.0 = Release|Any CPU
	EndGlobalSection
	GlobalSection(SolutionProperties) = preSolution
		HideSolutionNode = FALSE
	EndGlobalSection
	GlobalSection(ExtensibilityGlobals) = postSolution
		SolutionGuid = {D95D93A4-C45A-40C5-85B8-8E7E708D3A1F}
	EndGlobalSection
EndGlobal
