
Microsoft Visual Studio Solution File, Format Version 12.00
# Visual Studio Version 16
VisualStudioVersion = 16.0.30621.155
MinimumVisualStudioVersion = 10.0.40219.1
Project("{9A19103F-16F7-4668-BE54-9A1E7A4F7556}") = "KampIntro", "KampIntro\KampIntro.csproj", "{1D99F6E5-0A7C-4932-8DEA-D6F7AD305ADE}"
EndProject
Project("{9A19103F-16F7-4668-BE54-9A1E7A4F7556}") = "ClassIntro", "ClassIntro\ClassIntro.csproj", "{DDC462C3-44B4-4090-ACEE-4FF467BD8DEB}"
EndProject
Project("{9A19103F-16F7-4668-BE54-9A1E7A4F7556}") = "Methods", "Methods\Methods.csproj", "{FDF3695C-51C1-4160-B809-C8CE3B4D7A06}"
EndProject
Project("{9A19103F-16F7-4668-BE54-9A1E7A4F7556}") = "Matematik", "Matematik\Matematik.csproj", "{52F8255F-2295-4FF6-B560-8DD668ABE1B5}"
EndProject
Project("{9A19103F-16F7-4668-BE54-9A1E7A4F7556}") = "DegerVeReferansTipler", "DegerVeReferansTipler\DegerVeReferansTipler.csproj", "{48086E03-6A68-4174-AAE3-826BEFA41352}"
EndProject
Project("{9A19103F-16F7-4668-BE54-9A1E7A4F7556}") = "OOP1", "OOP1\OOP1.csproj", "{C24A8E8B-3B5A-41A6-B067-31228E6DB6A0}"
EndProject
Project("{9A19103F-16F7-4668-BE54-9A1E7A4F7556}") = "Koleksiyonlar", "Koleksiyonlar\Koleksiyonlar.csproj", "{596F7F39-1CB7-4838-A390-2339936657E2}"
EndProject
Project("{9A19103F-16F7-4668-BE54-9A1E7A4F7556}") = "GenericsIntro", "GenericsIntro\GenericsIntro.csproj", "{D1471873-82D6-420C-937B-DB1C3B68331E}"
EndProject
Project("{9A19103F-16F7-4668-BE54-9A1E7A4F7556}") = "OOP2", "OOP2\OOP2.csproj", "{DEE59993-98CC-4657-8141-0266AC6A5755}"
EndProject
Project("{9A19103F-16F7-4668-BE54-9A1E7A4F7556}") = "OOP3", "OOP3\OOP3.csproj", "{B2CCF906-E682-4709-AA34-6AC8B2E9534D}"
EndProject
Project("{FAE04EC0-301F-11D3-BF4B-00C04F79EFBC}") = "GameProject", "GameProject\GameProject.csproj", "{E11CB98A-18A0-46C5-B17D-CC50A30079D7}"
EndProject
Global
	GlobalSection(SolutionConfigurationPlatforms) = preSolution
		Debug|Any CPU = Debug|Any CPU
		Release|Any CPU = Release|Any CPU
	EndGlobalSection
	GlobalSection(ProjectConfigurationPlatforms) = postSolution
		{1D99F6E5-0A7C-4932-8DEA-D6F7AD305ADE}.Debug|Any CPU.ActiveCfg = Debug|Any CPU
		{1D99F6E5-0A7C-4932-8DEA-D6F7AD305ADE}.Debug|Any CPU.Build.0 = Debug|Any CPU
		{1D99F6E5-0A7C-4932-8DEA-D6F7AD305ADE}.Release|Any CPU.ActiveCfg = Release|Any CPU
		{1D99F6E5-0A7C-4932-8DEA-D6F7AD305ADE}.Release|Any CPU.Build.0 = Release|Any CPU
		{DDC462C3-44B4-4090-ACEE-4FF467BD8DEB}.Debug|Any CPU.ActiveCfg = Debug|Any CPU
		{DDC462C3-44B4-4090-ACEE-4FF467BD8DEB}.Debug|Any CPU.Build.0 = Debug|Any CPU
		{DDC462C3-44B4-4090-ACEE-4FF467BD8DEB}.Release|Any CPU.ActiveCfg = Release|Any CPU
		{DDC462C3-44B4-4090-ACEE-4FF467BD8DEB}.Release|Any CPU.Build.0 = Release|Any CPU
		{FDF3695C-51C1-4160-B809-C8CE3B4D7A06}.Debug|Any CPU.ActiveCfg = Debug|Any CPU
		{FDF3695C-51C1-4160-B809-C8CE3B4D7A06}.Debug|Any CPU.Build.0 = Debug|Any CPU
		{FDF3695C-51C1-4160-B809-C8CE3B4D7A06}.Release|Any CPU.ActiveCfg = Release|Any CPU
		{FDF3695C-51C1-4160-B809-C8CE3B4D7A06}.Release|Any CPU.Build.0 = Release|Any CPU
		{52F8255F-2295-4FF6-B560-8DD668ABE1B5}.Debug|Any CPU.ActiveCfg = Debug|Any CPU
		{52F8255F-2295-4FF6-B560-8DD668ABE1B5}.Debug|Any CPU.Build.0 = Debug|Any CPU
		{52F8255F-2295-4FF6-B560-8DD668ABE1B5}.Release|Any CPU.ActiveCfg = Release|Any CPU
		{52F8255F-2295-4FF6-B560-8DD668ABE1B5}.Release|Any CPU.Build.0 = Release|Any CPU
		{48086E03-6A68-4174-AAE3-826BEFA41352}.Debug|Any CPU.ActiveCfg = Debug|Any CPU
		{48086E03-6A68-4174-AAE3-826BEFA41352}.Debug|Any CPU.Build.0 = Debug|Any CPU
		{48086E03-6A68-4174-AAE3-826BEFA41352}.Release|Any CPU.ActiveCfg = Release|Any CPU
		{48086E03-6A68-4174-AAE3-826BEFA41352}.Release|Any CPU.Build.0 = Release|Any CPU
		{C24A8E8B-3B5A-41A6-B067-31228E6DB6A0}.Debug|Any CPU.ActiveCfg = Debug|Any CPU
		{C24A8E8B-3B5A-41A6-B067-31228E6DB6A0}.Debug|Any CPU.Build.0 = Debug|Any CPU
		{C24A8E8B-3B5A-41A6-B067-31228E6DB6A0}.Release|Any CPU.ActiveCfg = Release|Any CPU
		{C24A8E8B-3B5A-41A6-B067-31228E6DB6A0}.Release|Any CPU.Build.0 = Release|Any CPU
		{596F7F39-1CB7-4838-A390-2339936657E2}.Debug|Any CPU.ActiveCfg = Debug|Any CPU
		{596F7F39-1CB7-4838-A390-2339936657E2}.Debug|Any CPU.Build.0 = Debug|Any CPU
		{596F7F39-1CB7-4838-A390-2339936657E2}.Release|Any CPU.ActiveCfg = Release|Any CPU
		{596F7F39-1CB7-4838-A390-2339936657E2}.Release|Any CPU.Build.0 = Release|Any CPU
		{D1471873-82D6-420C-937B-DB1C3B68331E}.Debug|Any CPU.ActiveCfg = Debug|Any CPU
		{D1471873-82D6-420C-937B-DB1C3B68331E}.Debug|Any CPU.Build.0 = Debug|Any CPU
		{D1471873-82D6-420C-937B-DB1C3B68331E}.Release|Any CPU.ActiveCfg = Release|Any CPU
		{D1471873-82D6-420C-937B-DB1C3B68331E}.Release|Any CPU.Build.0 = Release|Any CPU
		{DEE59993-98CC-4657-8141-0266AC6A5755}.Debug|Any CPU.ActiveCfg = Debug|Any CPU
		{DEE59993-98CC-4657-8141-0266AC6A5755}.Debug|Any CPU.Build.0 = Debug|Any CPU
		{DEE59993-98CC-4657-8141-0266AC6A5755}.Release|Any CPU.ActiveCfg = Release|Any CPU
		{DEE59993-98CC-4657-8141-0266AC6A5755}.Release|Any CPU.Build.0 = Release|Any CPU
		{B2CCF906-E682-4709-AA34-6AC8B2E9534D}.Debug|Any CPU.ActiveCfg = Debug|Any CPU
		{B2CCF906-E682-4709-AA34-6AC8B2E9534D}.Debug|Any CPU.Build.0 = Debug|Any CPU
		{B2CCF906-E682-4709-AA34-6AC8B2E9534D}.Release|Any CPU.ActiveCfg = Release|Any CPU
		{B2CCF906-E682-4709-AA34-6AC8B2E9534D}.Release|Any CPU.Build.0 = Release|Any CPU
		{E11CB98A-18A0-46C5-B17D-CC50A30079D7}.Debug|Any CPU.ActiveCfg = Debug|Any CPU
		{E11CB98A-18A0-46C5-B17D-CC50A30079D7}.Debug|Any CPU.Build.0 = Debug|Any CPU
		{E11CB98A-18A0-46C5-B17D-CC50A30079D7}.Release|Any CPU.ActiveCfg = Release|Any CPU
		{E11CB98A-18A0-46C5-B17D-CC50A30079D7}.Release|Any CPU.Build.0 = Release|Any CPU
	EndGlobalSection
	GlobalSection(SolutionProperties) = preSolution
		HideSolutionNode = FALSE
	EndGlobalSection
	GlobalSection(ExtensibilityGlobals) = postSolution
		SolutionGuid = {D95D93A4-C45A-40C5-85B8-8E7E708D3A1F}
	EndGlobalSection
EndGlobal
